<?xml version="1.0" encoding="utf-8"?>
<Project ToolsVersion="4.0" xmlns="http://schemas.microsoft.com/developer/msbuild/2003">
  <ItemGroup>
    <Filter Include="Source Files">
      <UniqueIdentifier>{1a276fb0-0128-4da6-80bd-7e9cafaebcca}</UniqueIdentifier>
    </Filter>
    <Filter Include="Header Files">
      <UniqueIdentifier>{a0ddbd9c-494b-49e1-9047-32bc1150da29}</UniqueIdentifier>
    </Filter>
    <Filter Include="Resource Files">
      <UniqueIdentifier>{41154ab8-ed47-4ca3-a595-4f5d811059a7}</UniqueIdentifier>
    </Filter>
  </ItemGroup>
  <ItemGroup>
    <ResourceCompile Include="introbootdrv.rc">
      <Filter>Resource Files</Filter>
    </ResourceCompile>
  </ItemGroup>
  <ItemGroup>
    <ClInclude Include="inc\hypercall.h">
      <Filter>Header Files</Filter>
    </ClInclude>
    <ClInclude Include="inc\introbootdrv_types.h">
      <Filter>Header Files</Filter>
    </ClInclude>
    <ClInclude Include="inc\loader.h">
      <Filter>Header Files</Filter>
    </ClInclude>
    <ClInclude Include="inc\stubs.h">
      <Filter>Header Files</Filter>
    </ClInclude>
    <ClInclude Include="inc\unexported.h">
      <Filter>Header Files</Filter>
    </ClInclude>
    <ClInclude Include="resource.h">
      <Filter>Resource Files</Filter>
    </ClInclude>
  </ItemGroup>
  <ItemGroup>
    <ClCompile Include="src\driver.c">
      <Filter>Source Files</Filter>
    </ClCompile>
    <ClCompile Include="src\hypercall.c">
      <Filter>Source Files</Filter>
    </ClCompile>
    <ClCompile Include="src\loader.c">
      <Filter>Source Files</Filter>
    </ClCompile>
    <ClCompile Include="src\unexported.c">
      <Filter>Source Files</Filter>
    </ClCompile>
  </ItemGroup>
</Project>
