<?xml version="1.0" encoding="utf-8"?>
<Project ToolsVersion="4.0" xmlns="http://schemas.microsoft.com/developer/msbuild/2003">
  <ItemGroup>
    <Filter Include="Source Files">
      <UniqueIdentifier>{4FC737F1-C7A5-4376-A066-2A32D752A2FF}</UniqueIdentifier>
      <Extensions>cpp;c;cc;cxx;def;odl;idl;hpj;bat;asm;asmx</Extensions>
    </Filter>
    <Filter Include="Header Files">
      <UniqueIdentifier>{93995380-89BD-4b04-88EB-625FBE52EBFB}</UniqueIdentifier>
      <Extensions>h;hpp;hxx;hm;inl;inc;xsd</Extensions>
    </Filter>
    <Filter Include="Resource Files">
      <UniqueIdentifier>{67DA6AB6-F800-4c08-8B7A-83BB121AAD01}</UniqueIdentifier>
      <Extensions>rc;ico;cur;bmp;dlg;rc2;rct;bin;rgs;gif;jpg;jpeg;jpe;resx;tiff;tif;png;wav;mfcribbon-ms</Extensions>
    </Filter>
    <Filter Include="Driver Files">
      <UniqueIdentifier>{8E41214B-6785-4CFE-B992-037D68949A14}</UniqueIdentifier>
      <Extensions>inf;inv;inx;mof;mc;</Extensions>
    </Filter>
    <Filter Include="Source Files\asm">
      <UniqueIdentifier>{6fba4f4b-c1ce-4b7a-b35e-1992df5eb290}</UniqueIdentifier>
    </Filter>
  </ItemGroup>
  <ItemGroup>
    <ClCompile Include="handler.c">
      <Filter>Source Files</Filter>
    </ClCompile>
    <ClCompile Include="hviface.c">
      <Filter>Source Files</Filter>
    </ClCompile>
    <ClCompile Include="introvecore.c">
      <Filter>Source Files</Filter>
    </ClCompile>
    <ClCompile Include="spinlock.c">
      <Filter>Source Files</Filter>
    </ClCompile>
    <ClCompile Include="emu.c">
      <Filter>Source Files</Filter>
    </ClCompile>
    <ClCompile Include="cache.c">
      <Filter>Source Files</Filter>
    </ClCompile>
  </ItemGroup>
  <ItemGroup>
    <ClInclude Include="include\cpu.h">
      <Filter>Header Files</Filter>
    </ClInclude>
    <ClInclude Include="include\handler.h">
      <Filter>Header Files</Filter>
    </ClInclude>
    <ClInclude Include="include\hviface.h">
      <Filter>Header Files</Filter>
    </ClInclude>
    <ClInclude Include="include\spinlock.h">
      <Filter>Header Files</Filter>
    </ClInclude>
    <ClInclude Include="include\emu.h">
      <Filter>Header Files</Filter>
    </ClInclude>
    <ClInclude Include="include\cache.h">
      <Filter>Header Files</Filter>
    </ClInclude>
    <ClInclude Include="include\asmlib.h">
      <Filter>Header Files</Filter>
    </ClInclude>
    <ClInclude Include="include\vetypes.h">
      <Filter>Header Files</Filter>
    </ClInclude>
  </ItemGroup>
  <ItemGroup>
    <None Include="introvecore.def">
      <Filter>Resource Files</Filter>
    </None>
    <None Include="packages.config" />
  </ItemGroup>
  <ItemGroup>
    <ResourceCompile Include="introvecore.rc">
      <Filter>Driver Files</Filter>
    </ResourceCompile>
  </ItemGroup>
  <ItemGroup>
    <NASM Include="asmlib.asm">
      <Filter>Source Files\asm</Filter>
    </NASM>
    <NASM Include="handlers.asm">
      <Filter>Source Files\asm</Filter>
    </NASM>
  </ItemGroup>
</Project>